
Microsoft Visual Studio Solution File, Format Version 12.00
# Visual Studio Version 17
VisualStudioVersion = 17.0.31903.59
MinimumVisualStudioVersion = 10.0.40219.1
Project("{FAE04EC0-301F-11D3-BF4B-00C04F79EFBC}") = "MVC", "MVC.csproj", "{B46C953F-9D91-4B2C-8790-7A17F8D7B43B}"
EndProject
Project("{2150E333-8FDC-42A3-9474-1A3956D46DE8}") = "tests", "tests", "{26160207-4D19-437E-A88E-8179544B75CA}"
EndProject
Project("{FAE04EC0-301F-11D3-BF4B-00C04F79EFBC}") = "MVC.Tests", "tests\MVC.Tests\MVC.Tests.csproj", "{8EE5EF18-1C27-46AE-A5A7-C5719EA0C399}"
EndProject
Global
	GlobalSection(SolutionConfigurationPlatforms) = preSolution
		Debug|Any CPU = Debug|Any CPU
		Release|Any CPU = Release|Any CPU
	EndGlobalSection
	GlobalSection(SolutionProperties) = preSolution
		HideSolutionNode = FALSE
	EndGlobalSection
	GlobalSection(ProjectConfigurationPlatforms) = postSolution
		{B46C953F-9D91-4B2C-8790-7A17F8D7B43B}.Debug|Any CPU.ActiveCfg = Debug|Any CPU
		{B46C953F-9D91-4B2C-8790-7A17F8D7B43B}.Debug|Any CPU.Build.0 = Debug|Any CPU
		{B46C953F-9D91-4B2C-8790-7A17F8D7B43B}.Release|Any CPU.ActiveCfg = Release|Any CPU
		{B46C953F-9D91-4B2C-8790-7A17F8D7B43B}.Release|Any CPU.Build.0 = Release|Any CPU
		{8EE5EF18-1C27-46AE-A5A7-C5719EA0C399}.Debug|Any CPU.ActiveCfg = Debug|Any CPU
		{8EE5EF18-1C27-46AE-A5A7-C5719EA0C399}.Debug|Any CPU.Build.0 = Debug|Any CPU
		{8EE5EF18-1C27-46AE-A5A7-C5719EA0C399}.Release|Any CPU.ActiveCfg = Release|Any CPU
		{8EE5EF18-1C27-46AE-A5A7-C5719EA0C399}.Release|Any CPU.Build.0 = Release|Any CPU
	EndGlobalSection
	GlobalSection(NestedProjects) = preSolution
		{8EE5EF18-1C27-46AE-A5A7-C5719EA0C399} = {26160207-4D19-437E-A88E-8179544B75CA}
	EndGlobalSection
EndGlobal
